PODS:
  - Masonry (1.1.0)
  - MJRefresh (3.1.15.3)

DEPENDENCIES:
  - Masonry (~> 1.0)
  - MJRefresh

SPEC REPOS:
  https://github.com/CocoaPods/Specs.git:
    - Masonry
    - MJRefresh

SPEC CHECKSUMS:
  Masonry: 678fab65091a9290e40e2832a55e7ab731aad201
  MJRefresh: b48380ae2b927b46c4ef000de9adb8dc748e1df7

PODFILE CHECKSUM: dbc8414a8b12cfef9f0f1d077eaa7f4f14353401

COCOAPODS: 1.5.0
